// !$*UTF8*$!
{
	archiveVersion = 1;
	classes = {
	};
	objectVersion = 50;
	objects = {

/* Begin PBXBuildFile section */
		FD9999F0266BE25B00B1AF6B /* main.swift in Sources */ = {isa = PBXBuildFile; fileRef = FD9999EF266BE25B00B1AF6B /* main.swift */; };
		FD9999F7266BE28C00B1AF6B /* lox.swift in Sources */ = {isa = PBXBuildFile; fileRef = FD9999F6266BE28C00B1AF6B /* lox.swift */; };
		FD9999F9266BEA6B00B1AF6B /* lexer.swift in Sources */ = {isa = PBXBuildFile; fileRef = FD9999F8266BEA6B00B1AF6B /* lexer.swift */; };
		FD9999FB266CC2F100B1AF6B /* ast.swift in Sources */ = {isa = PBXBuildFile; fileRef = FD9999FA266CC2F100B1AF6B /* ast.swift */; };
		FD9999FD266CCD8D00B1AF6B /* parser.swift in Sources */ = {isa = PBXBuildFile; fileRef = FD9999FC266CCD8D00B1AF6B /* parser.swift */; };
		FD9999FF266CE1D100B1AF6B /* token.swift in Sources */ = {isa = PBXBuildFile; fileRef = FD9999FE266CE1D100B1AF6B /* token.swift */; };
		FD999A01266D232A00B1AF6B /* interpreter.swift in Sources */ = {isa = PBXBuildFile; fileRef = FD999A00266D232A00B1AF6B /* interpreter.swift */; };
		FD999A03266D567100B1AF6B /* environment.swift in Sources */ = {isa = PBXBuildFile; fileRef = FD999A02266D567100B1AF6B /* environment.swift */; };
		FD999A05266E8A5900B1AF6B /* function.swift in Sources */ = {isa = PBXBuildFile; fileRef = FD999A04266E8A5900B1AF6B /* function.swift */; };
/* End PBXBuildFile section */

/* Begin PBXCopyFilesBuildPhase section */
		FD9999EA266BE25B00B1AF6B /* CopyFiles */ = {
			isa = PBXCopyFilesBuildPhase;
			buildActionMask = 2147483647;
			dstPath = /usr/share/man/man1/;
			dstSubfolderSpec = 0;
			files = (
			);
			runOnlyForDeploymentPostprocessing = 1;
		};
/* End PBXCopyFilesBuildPhase section */

/* Begin PBXFileReference section */
		FD9999EC266BE25B00B1AF6B /* lox */ = {isa = PBXFileReference; explicitFileType = "compiled.mach-o.executable"; includeInIndex = 0; path = lox; sourceTree = BUILT_PRODUCTS_DIR; };
		FD9999EF266BE25B00B1AF6B /* main.swift */ = {isa = PBXFileReference; lastKnownFileType = sourcecode.swift; path = main.swift; sourceTree = "<group>"; };
		FD9999F6266BE28C00B1AF6B /* lox.swift */ = {isa = PBXFileReference; lastKnownFileType = sourcecode.swift; path = lox.swift; sourceTree = "<group>"; };
		FD9999F8266BEA6B00B1AF6B /* lexer.swift */ = {isa = PBXFileReference; lastKnownFileType = sourcecode.swift; path = lexer.swift; sourceTree = "<group>"; };
		FD9999FA266CC2F100B1AF6B /* ast.swift */ = {isa = PBXFileReference; lastKnownFileType = sourcecode.swift; path = ast.swift; sourceTree = "<group>"; };
		FD9999FC266CCD8D00B1AF6B /* parser.swift */ = {isa = PBXFileReference; lastKnownFileType = sourcecode.swift; path = parser.swift; sourceTree = "<group>"; };
		FD9999FE266CE1D100B1AF6B /* token.swift */ = {isa = PBXFileReference; lastKnownFileType = sourcecode.swift; path = token.swift; sourceTree = "<group>"; };
		FD999A00266D232A00B1AF6B /* interpreter.swift */ = {isa = PBXFileReference; lastKnownFileType = sourcecode.swift; path = interpreter.swift; sourceTree = "<group>"; };
		FD999A02266D567100B1AF6B /* environment.swift */ = {isa = PBXFileReference; lastKnownFileType = sourcecode.swift; path = environment.swift; sourceTree = "<group>"; };
		FD999A04266E8A5900B1AF6B /* function.swift */ = {isa = PBXFileReference; lastKnownFileType = sourcecode.swift; path = function.swift; sourceTree = "<group>"; };
/* End PBXFileReference section */

/* Begin PBXFrameworksBuildPhase section */
		FD9999E9266BE25B00B1AF6B /* Frameworks */ = {
			isa = PBXFrameworksBuildPhase;
			buildActionMask = 2147483647;
			files = (
			);
			runOnlyForDeploymentPostprocessing = 0;
		};
/* End PBXFrameworksBuildPhase section */

/* Begin PBXGroup section */
		FD9999E3266BE25B00B1AF6B = {
			isa = PBXGroup;
			children = (
				FD999A04266E8A5900B1AF6B /* function.swift */,
				FD9999EE266BE25B00B1AF6B /* lox */,
				FD9999ED266BE25B00B1AF6B /* Products */,
			);
			sourceTree = "<group>";
		};
		FD9999ED266BE25B00B1AF6B /* Products */ = {
			isa = PBXGroup;
			children = (
				FD9999EC266BE25B00B1AF6B /* lox */,
			);
			name = Products;
			sourceTree = "<group>";
		};
		FD9999EE266BE25B00B1AF6B /* lox */ = {
			isa = PBXGroup;
			children = (
				FD9999EF266BE25B00B1AF6B /* main.swift */,
				FD9999F6266BE28C00B1AF6B /* lox.swift */,
				FD9999F8266BEA6B00B1AF6B /* lexer.swift */,
				FD9999FA266CC2F100B1AF6B /* ast.swift */,
				FD9999FC266CCD8D00B1AF6B /* parser.swift */,
				FD999A02266D567100B1AF6B /* environment.swift */,
				FD9999FE266CE1D100B1AF6B /* token.swift */,
				FD999A00266D232A00B1AF6B /* interpreter.swift */,
			);
			path = lox;
			sourceTree = "<group>";
		};
/* End PBXGroup section */

/* Begin PBXNativeTarget section */
		FD9999EB266BE25B00B1AF6B /* lox */ = {
			isa = PBXNativeTarget;
			buildConfigurationList = FD9999F3266BE25B00B1AF6B /* Build configuration list for PBXNativeTarget "lox" */;
			buildPhases = (
				FD9999E8266BE25B00B1AF6B /* Sources */,
				FD9999E9266BE25B00B1AF6B /* Frameworks */,
				FD9999EA266BE25B00B1AF6B /* CopyFiles */,
			);
			buildRules = (
			);
			dependencies = (
			);
			name = lox;
			productName = lox;
			productReference = FD9999EC266BE25B00B1AF6B /* lox */;
			productType = "com.apple.product-type.tool";
		};
/* End PBXNativeTarget section */

/* Begin PBXProject section */
		FD9999E4266BE25B00B1AF6B /* Project object */ = {
			isa = PBXProject;
			attributes = {
				LastSwiftUpdateCheck = 1250;
				LastUpgradeCheck = 1250;
				TargetAttributes = {
					FD9999EB266BE25B00B1AF6B = {
						CreatedOnToolsVersion = 12.5;
					};
				};
			};
			buildConfigurationList = FD9999E7266BE25B00B1AF6B /* Build configuration list for PBXProject "lox" */;
			compatibilityVersion = "Xcode 9.3";
			developmentRegion = en;
			hasScannedForEncodings = 0;
			knownRegions = (
				en,
				Base,
			);
			mainGroup = FD9999E3266BE25B00B1AF6B;
			productRefGroup = FD9999ED266BE25B00B1AF6B /* Products */;
			projectDirPath = "";
			projectRoot = "";
			targets = (
				FD9999EB266BE25B00B1AF6B /* lox */,
			);
		};
/* End PBXProject section */

/* Begin PBXSourcesBuildPhase section */
		FD9999E8266BE25B00B1AF6B /* Sources */ = {
			isa = PBXSourcesBuildPhase;
			buildActionMask = 2147483647;
			files = (
				FD9999FB266CC2F100B1AF6B /* ast.swift in Sources */,
				FD999A03266D567100B1AF6B /* environment.swift in Sources */,
				FD999A01266D232A00B1AF6B /* interpreter.swift in Sources */,
				FD9999F7266BE28C00B1AF6B /* lox.swift in Sources */,
				FD9999F9266BEA6B00B1AF6B /* lexer.swift in Sources */,
				FD9999FF266CE1D100B1AF6B /* token.swift in Sources */,
				FD9999FD266CCD8D00B1AF6B /* parser.swift in Sources */,
				FD9999F0266BE25B00B1AF6B /* main.swift in Sources */,
				FD999A05266E8A5900B1AF6B /* function.swift in Sources */,
			);
			runOnlyForDeploymentPostprocessing = 0;
		};
/* End PBXSourcesBuildPhase section */

/* Begin XCBuildConfiguration section */
		FD9999F1266BE25B00B1AF6B /* Debug */ = {
			isa = XCBuildConfiguration;
			buildSettings = {
				ALWAYS_SEARCH_USER_PATHS = NO;
				CLANG_ANALYZER_NONNULL = YES;
				CLANG_ANALYZER_NUMBER_OBJECT_CONVERSION = YES_AGGRESSIVE;
				CLANG_CXX_LANGUAGE_STANDARD = "gnu++14";
				CLANG_CXX_LIBRARY = "libc++";
				CLANG_ENABLE_MODULES = YES;
				CLANG_ENABLE_OBJC_ARC = YES;
				CLANG_ENABLE_OBJC_WEAK = YES;
				CLANG_WARN_BLOCK_CAPTURE_AUTORELEASING = YES;
				CLANG_WARN_BOOL_CONVERSION = YES;
				CLANG_WARN_COMMA = YES;
				CLANG_WARN_CONSTANT_CONVERSION = YES;
				CLANG_WARN_DEPRECATED_OBJC_IMPLEMENTATIONS = YES;
				CLANG_WARN_DIRECT_OBJC_ISA_USAGE = YES_ERROR;
				CLANG_WARN_DOCUMENTATION_COMMENTS = YES;
				CLANG_WARN_EMPTY_BODY = YES;
				CLANG_WARN_ENUM_CONVERSION = YES;
				CLANG_WARN_INFINITE_RECURSION = YES;
				CLANG_WARN_INT_CONVERSION = YES;
				CLANG_WARN_NON_LITERAL_NULL_CONVERSION = YES;
				CLANG_WARN_OBJC_IMPLICIT_RETAIN_SELF = YES;
				CLANG_WARN_OBJC_LITERAL_CONVERSION = YES;
				CLANG_WARN_OBJC_ROOT_CLASS = YES_ERROR;
				CLANG_WARN_QUOTED_INCLUDE_IN_FRAMEWORK_HEADER = YES;
				CLANG_WARN_RANGE_LOOP_ANALYSIS = YES;
				CLANG_WARN_STRICT_PROTOTYPES = YES;
				CLANG_WARN_SUSPICIOUS_MOVE = YES;
				CLANG_WARN_UNGUARDED_AVAILABILITY = YES_AGGRESSIVE;
				CLANG_WARN_UNREACHABLE_CODE = YES;
				CLANG_WARN__DUPLICATE_METHOD_MATCH = YES;
				COPY_PHASE_STRIP = NO;
				DEBUG_INFORMATION_FORMAT = dwarf;
				ENABLE_STRICT_OBJC_MSGSEND = YES;
				ENABLE_TESTABILITY = YES;
				GCC_C_LANGUAGE_STANDARD = gnu11;
				GCC_DYNAMIC_NO_PIC = NO;
				GCC_NO_COMMON_BLOCKS = YES;
				GCC_OPTIMIZATION_LEVEL = 0;
				GCC_PREPROCESSOR_DEFINITIONS = (
					"DEBUG=1",
					"$(inherited)",
				);
				GCC_WARN_64_TO_32_BIT_CONVERSION = YES;
				GCC_WARN_ABOUT_RETURN_TYPE = YES_ERROR;
				GCC_WARN_UNDECLARED_SELECTOR = YES;
				GCC_WARN_UNINITIALIZED_AUTOS = YES_AGGRESSIVE;
				GCC_WARN_UNUSED_FUNCTION = YES;
				GCC_WARN_UNUSED_VARIABLE = YES;
				MACOSX_DEPLOYMENT_TARGET = 11.3;
				MTL_ENABLE_DEBUG_INFO = INCLUDE_SOURCE;
				MTL_FAST_MATH = YES;
				ONLY_ACTIVE_ARCH = YES;
				SDKROOT = macosx;
				SWIFT_ACTIVE_COMPILATION_CONDITIONS = DEBUG;
				SWIFT_OPTIMIZATION_LEVEL = "-Onone";
			};
			name = Debug;
		};
		FD9999F2266BE25B00B1AF6B /* Release */ = {
			isa = XCBuildConfiguration;
			buildSettings = {
				ALWAYS_SEARCH_USER_PATHS = NO;
				CLANG_ANALYZER_NONNULL = YES;
				CLANG_ANALYZER_NUMBER_OBJECT_CONVERSION = YES_AGGRESSIVE;
				CLANG_CXX_LANGUAGE_STANDARD = "gnu++14";
				CLANG_CXX_LIBRARY = "libc++";
				CLANG_ENABLE_MODULES = YES;
				CLANG_ENABLE_OBJC_ARC = YES;
				CLANG_ENABLE_OBJC_WEAK = YES;
				CLANG_WARN_BLOCK_CAPTURE_AUTORELEASING = YES;
				CLANG_WARN_BOOL_CONVERSION = YES;
				CLANG_WARN_COMMA = YES;
				CLANG_WARN_CONSTANT_CONVERSION = YES;
				CLANG_WARN_DEPRECATED_OBJC_IMPLEMENTATIONS = YES;
				CLANG_WARN_DIRECT_OBJC_ISA_USAGE = YES_ERROR;
				CLANG_WARN_DOCUMENTATION_COMMENTS = YES;
				CLANG_WARN_EMPTY_BODY = YES;
				CLANG_WARN_ENUM_CONVERSION = YES;
				CLANG_WARN_INFINITE_RECURSION = YES;
				CLANG_WARN_INT_CONVERSION = YES;
				CLANG_WARN_NON_LITERAL_NULL_CONVERSION = YES;
				CLANG_WARN_OBJC_IMPLICIT_RETAIN_SELF = YES;
				CLANG_WARN_OBJC_LITERAL_CONVERSION = YES;
				CLANG_WARN_OBJC_ROOT_CLASS = YES_ERROR;
				CLANG_WARN_QUOTED_INCLUDE_IN_FRAMEWORK_HEADER = YES;
				CLANG_WARN_RANGE_LOOP_ANALYSIS = YES;
				CLANG_WARN_STRICT_PROTOTYPES = YES;
				CLANG_WARN_SUSPICIOUS_MOVE = YES;
				CLANG_WARN_UNGUARDED_AVAILABILITY = YES_AGGRESSIVE;
				CLANG_WARN_UNREACHABLE_CODE = YES;
				CLANG_WARN__DUPLICATE_METHOD_MATCH = YES;
				COPY_PHASE_STRIP = NO;
				DEBUG_INFORMATION_FORMAT = "dwarf-with-dsym";
				ENABLE_NS_ASSERTIONS = NO;
				ENABLE_STRICT_OBJC_MSGSEND = YES;
				GCC_C_LANGUAGE_STANDARD = gnu11;
				GCC_NO_COMMON_BLOCKS = YES;
				GCC_WARN_64_TO_32_BIT_CONVERSION = YES;
				GCC_WARN_ABOUT_RETURN_TYPE = YES_ERROR;
				GCC_WARN_UNDECLARED_SELECTOR = YES;
				GCC_WARN_UNINITIALIZED_AUTOS = YES_AGGRESSIVE;
				GCC_WARN_UNUSED_FUNCTION = YES;
				GCC_WARN_UNUSED_VARIABLE = YES;
				MACOSX_DEPLOYMENT_TARGET = 11.3;
				MTL_ENABLE_DEBUG_INFO = NO;
				MTL_FAST_MATH = YES;
				SDKROOT = macosx;
				SWIFT_COMPILATION_MODE = wholemodule;
				SWIFT_OPTIMIZATION_LEVEL = "-O";
			};
			name = Release;
		};
		FD9999F4266BE25B00B1AF6B /* Debug */ = {
			isa = XCBuildConfiguration;
			buildSettings = {
				CODE_SIGN_STYLE = Automatic;
				DEVELOPMENT_TEAM = 4ZZR86SG2H;
				ENABLE_HARDENED_RUNTIME = YES;
				PRODUCT_NAME = "$(TARGET_NAME)";
				SWIFT_VERSION = 5.0;
			};
			name = Debug;
		};
		FD9999F5266BE25B00B1AF6B /* Release */ = {
			isa = XCBuildConfiguration;
			buildSettings = {
				CODE_SIGN_STYLE = Automatic;
				DEVELOPMENT_TEAM = 4ZZR86SG2H;
				ENABLE_HARDENED_RUNTIME = YES;
				PRODUCT_NAME = "$(TARGET_NAME)";
				SWIFT_VERSION = 5.0;
			};
			name = Release;
		};
/* End XCBuildConfiguration section */

/* Begin XCConfigurationList section */
		FD9999E7266BE25B00B1AF6B /* Build configuration list for PBXProject "lox" */ = {
			isa = XCConfigurationList;
			buildConfigurations = (
				FD9999F1266BE25B00B1AF6B /* Debug */,
				FD9999F2266BE25B00B1AF6B /* Release */,
			);
			defaultConfigurationIsVisible = 0;
			defaultConfigurationName = Release;
		};
		FD9999F3266BE25B00B1AF6B /* Build configuration list for PBXNativeTarget "lox" */ = {
			isa = XCConfigurationList;
			buildConfigurations = (
				FD9999F4266BE25B00B1AF6B /* Debug */,
				FD9999F5266BE25B00B1AF6B /* Release */,
			);
			defaultConfigurationIsVisible = 0;
			defaultConfigurationName = Release;
		};
/* End XCConfigurationList section */
	};
	rootObject = FD9999E4266BE25B00B1AF6B /* Project object */;
}
